
Microsoft Visual Studio Solution File, Format Version 12.00
# Visual Studio Version 17
VisualStudioVersion = 17.0.31903.59
MinimumVisualStudioVersion = 10.0.40219.1
Project("{2150E333-8FDC-42A3-9474-1A3956D46DE8}") = "src", "src", "{600E4FA0-F6FB-428C-B1FE-E8DA91ABCD47}"
EndProject
Project("{FAE04EC0-301F-11D3-BF4B-00C04F79EFBC}") = "FinGrow.Domain", "src\FinGrow.Domain\FinGrow.Domain.csproj", "{D32DBAA6-9C0F-4AE2-8A6C-7EE6CF4E01F5}"
EndProject
Project("{FAE04EC0-301F-11D3-BF4B-00C04F79EFBC}") = "FinGrow.Application", "src\FinGrow.Application\FinGrow.Application.csproj", "{D3D96C12-255A-4AB0-8D63-9A3A5109CD3C}"
EndProject
Project("{FAE04EC0-301F-11D3-BF4B-00C04F79EFBC}") = "FinGrow.Infrastructure", "src\FinGrow.Infrastructure\FinGrow.Infrastructure.csproj", "{CA46F53D-D4F2-4435-85C4-F443EDA7D641}"
EndProject
Project("{FAE04EC0-301F-11D3-BF4B-00C04F79EFBC}") = "FinGrow.Api", "src\FinGrow.Api\FinGrow.Api.csproj", "{95B8EB69-516E-46CB-A3B5-C7036F03F6F6}"
EndProject
Project("{2150E333-8FDC-42A3-9474-1A3956D46DE8}") = "tests", "tests", "{DEDA7383-F5EB-46F2-8E89-37792003A291}"
EndProject
Project("{FAE04EC0-301F-11D3-BF4B-00C04F79EFBC}") = "FinGrow.Domain.UnitTests", "tests\FinGrow.Domain.UnitTests\FinGrow.Domain.UnitTests.csproj", "{11FD704A-7E8E-44CA-B8A0-4E0196FCC2A2}"
EndProject
Project("{FAE04EC0-301F-11D3-BF4B-00C04F79EFBC}") = "FinGrow.ArchitectureTests", "tests\FinGrow.ArchitectureTests\FinGrow.ArchitectureTests.csproj", "{6EF33DFB-473A-455C-A22F-FD3FD6A9C72A}"
EndProject
Project("{FAE04EC0-301F-11D3-BF4B-00C04F79EFBC}") = "FinGrow.Application.UnitTests", "tests\FinGrow.Application.UnitTests\FinGrow.Application.UnitTests.csproj", "{6ACBB350-3990-405F-93BA-5AB1E5E4BC24}"
EndProject
Project("{FAE04EC0-301F-11D3-BF4B-00C04F79EFBC}") = "FinGrow.Api.UnitTests", "tests\FinGrow.Api.UnitTests\FinGrow.Api.UnitTests.csproj", "{CBDB8850-336D-404C-8378-94CF33752B7D}"
EndProject
Global
	GlobalSection(SolutionConfigurationPlatforms) = preSolution
		Debug|Any CPU = Debug|Any CPU
		Debug|x64 = Debug|x64
		Debug|x86 = Debug|x86
		Release|Any CPU = Release|Any CPU
		Release|x64 = Release|x64
		Release|x86 = Release|x86
	EndGlobalSection
	GlobalSection(ProjectConfigurationPlatforms) = postSolution
		{D32DBAA6-9C0F-4AE2-8A6C-7EE6CF4E01F5}.Debug|Any CPU.ActiveCfg = Debug|Any CPU
		{D32DBAA6-9C0F-4AE2-8A6C-7EE6CF4E01F5}.Debug|Any CPU.Build.0 = Debug|Any CPU
		{D32DBAA6-9C0F-4AE2-8A6C-7EE6CF4E01F5}.Debug|x64.ActiveCfg = Debug|Any CPU
		{D32DBAA6-9C0F-4AE2-8A6C-7EE6CF4E01F5}.Debug|x64.Build.0 = Debug|Any CPU
		{D32DBAA6-9C0F-4AE2-8A6C-7EE6CF4E01F5}.Debug|x86.ActiveCfg = Debug|Any CPU
		{D32DBAA6-9C0F-4AE2-8A6C-7EE6CF4E01F5}.Debug|x86.Build.0 = Debug|Any CPU
		{D32DBAA6-9C0F-4AE2-8A6C-7EE6CF4E01F5}.Release|Any CPU.ActiveCfg = Release|Any CPU
		{D32DBAA6-9C0F-4AE2-8A6C-7EE6CF4E01F5}.Release|Any CPU.Build.0 = Release|Any CPU
		{D32DBAA6-9C0F-4AE2-8A6C-7EE6CF4E01F5}.Release|x64.ActiveCfg = Release|Any CPU
		{D32DBAA6-9C0F-4AE2-8A6C-7EE6CF4E01F5}.Release|x64.Build.0 = Release|Any CPU
		{D32DBAA6-9C0F-4AE2-8A6C-7EE6CF4E01F5}.Release|x86.ActiveCfg = Release|Any CPU
		{D32DBAA6-9C0F-4AE2-8A6C-7EE6CF4E01F5}.Release|x86.Build.0 = Release|Any CPU
		{D3D96C12-255A-4AB0-8D63-9A3A5109CD3C}.Debug|Any CPU.ActiveCfg = Debug|Any CPU
		{D3D96C12-255A-4AB0-8D63-9A3A5109CD3C}.Debug|Any CPU.Build.0 = Debug|Any CPU
		{D3D96C12-255A-4AB0-8D63-9A3A5109CD3C}.Debug|x64.ActiveCfg = Debug|Any CPU
		{D3D96C12-255A-4AB0-8D63-9A3A5109CD3C}.Debug|x64.Build.0 = Debug|Any CPU
		{D3D96C12-255A-4AB0-8D63-9A3A5109CD3C}.Debug|x86.ActiveCfg = Debug|Any CPU
		{D3D96C12-255A-4AB0-8D63-9A3A5109CD3C}.Debug|x86.Build.0 = Debug|Any CPU
		{D3D96C12-255A-4AB0-8D63-9A3A5109CD3C}.Release|Any CPU.ActiveCfg = Release|Any CPU
		{D3D96C12-255A-4AB0-8D63-9A3A5109CD3C}.Release|Any CPU.Build.0 = Release|Any CPU
		{D3D96C12-255A-4AB0-8D63-9A3A5109CD3C}.Release|x64.ActiveCfg = Release|Any CPU
		{D3D96C12-255A-4AB0-8D63-9A3A5109CD3C}.Release|x64.Build.0 = Release|Any CPU
		{D3D96C12-255A-4AB0-8D63-9A3A5109CD3C}.Release|x86.ActiveCfg = Release|Any CPU
		{D3D96C12-255A-4AB0-8D63-9A3A5109CD3C}.Release|x86.Build.0 = Release|Any CPU
		{CA46F53D-D4F2-4435-85C4-F443EDA7D641}.Debug|Any CPU.ActiveCfg = Debug|Any CPU
		{CA46F53D-D4F2-4435-85C4-F443EDA7D641}.Debug|Any CPU.Build.0 = Debug|Any CPU
		{CA46F53D-D4F2-4435-85C4-F443EDA7D641}.Debug|x64.ActiveCfg = Debug|Any CPU
		{CA46F53D-D4F2-4435-85C4-F443EDA7D641}.Debug|x64.Build.0 = Debug|Any CPU
		{CA46F53D-D4F2-4435-85C4-F443EDA7D641}.Debug|x86.ActiveCfg = Debug|Any CPU
		{CA46F53D-D4F2-4435-85C4-F443EDA7D641}.Debug|x86.Build.0 = Debug|Any CPU
		{CA46F53D-D4F2-4435-85C4-F443EDA7D641}.Release|Any CPU.ActiveCfg = Release|Any CPU
		{CA46F53D-D4F2-4435-85C4-F443EDA7D641}.Release|Any CPU.Build.0 = Release|Any CPU
		{CA46F53D-D4F2-4435-85C4-F443EDA7D641}.Release|x64.ActiveCfg = Release|Any CPU
		{CA46F53D-D4F2-4435-85C4-F443EDA7D641}.Release|x64.Build.0 = Release|Any CPU
		{CA46F53D-D4F2-4435-85C4-F443EDA7D641}.Release|x86.ActiveCfg = Release|Any CPU
		{CA46F53D-D4F2-4435-85C4-F443EDA7D641}.Release|x86.Build.0 = Release|Any CPU
		{95B8EB69-516E-46CB-A3B5-C7036F03F6F6}.Debug|Any CPU.ActiveCfg = Debug|Any CPU
		{95B8EB69-516E-46CB-A3B5-C7036F03F6F6}.Debug|Any CPU.Build.0 = Debug|Any CPU
		{95B8EB69-516E-46CB-A3B5-C7036F03F6F6}.Debug|x64.ActiveCfg = Debug|Any CPU
		{95B8EB69-516E-46CB-A3B5-C7036F03F6F6}.Debug|x64.Build.0 = Debug|Any CPU
		{95B8EB69-516E-46CB-A3B5-C7036F03F6F6}.Debug|x86.ActiveCfg = Debug|Any CPU
		{95B8EB69-516E-46CB-A3B5-C7036F03F6F6}.Debug|x86.Build.0 = Debug|Any CPU
		{95B8EB69-516E-46CB-A3B5-C7036F03F6F6}.Release|Any CPU.ActiveCfg = Release|Any CPU
		{95B8EB69-516E-46CB-A3B5-C7036F03F6F6}.Release|Any CPU.Build.0 = Release|Any CPU
		{95B8EB69-516E-46CB-A3B5-C7036F03F6F6}.Release|x64.ActiveCfg = Release|Any CPU
		{95B8EB69-516E-46CB-A3B5-C7036F03F6F6}.Release|x64.Build.0 = Release|Any CPU
		{95B8EB69-516E-46CB-A3B5-C7036F03F6F6}.Release|x86.ActiveCfg = Release|Any CPU
		{95B8EB69-516E-46CB-A3B5-C7036F03F6F6}.Release|x86.Build.0 = Release|Any CPU
		{11FD704A-7E8E-44CA-B8A0-4E0196FCC2A2}.Debug|Any CPU.ActiveCfg = Debug|Any CPU
		{11FD704A-7E8E-44CA-B8A0-4E0196FCC2A2}.Debug|Any CPU.Build.0 = Debug|Any CPU
		{11FD704A-7E8E-44CA-B8A0-4E0196FCC2A2}.Debug|x64.ActiveCfg = Debug|Any CPU
		{11FD704A-7E8E-44CA-B8A0-4E0196FCC2A2}.Debug|x64.Build.0 = Debug|Any CPU
		{11FD704A-7E8E-44CA-B8A0-4E0196FCC2A2}.Debug|x86.ActiveCfg = Debug|Any CPU
		{11FD704A-7E8E-44CA-B8A0-4E0196FCC2A2}.Debug|x86.Build.0 = Debug|Any CPU
		{11FD704A-7E8E-44CA-B8A0-4E0196FCC2A2}.Release|Any CPU.ActiveCfg = Release|Any CPU
		{11FD704A-7E8E-44CA-B8A0-4E0196FCC2A2}.Release|Any CPU.Build.0 = Release|Any CPU
		{11FD704A-7E8E-44CA-B8A0-4E0196FCC2A2}.Release|x64.ActiveCfg = Release|Any CPU
		{11FD704A-7E8E-44CA-B8A0-4E0196FCC2A2}.Release|x64.Build.0 = Release|Any CPU
		{11FD704A-7E8E-44CA-B8A0-4E0196FCC2A2}.Release|x86.ActiveCfg = Release|Any CPU
		{11FD704A-7E8E-44CA-B8A0-4E0196FCC2A2}.Release|x86.Build.0 = Release|Any CPU
		{6EF33DFB-473A-455C-A22F-FD3FD6A9C72A}.Debug|Any CPU.ActiveCfg = Debug|Any CPU
		{6EF33DFB-473A-455C-A22F-FD3FD6A9C72A}.Debug|Any CPU.Build.0 = Debug|Any CPU
		{6EF33DFB-473A-455C-A22F-FD3FD6A9C72A}.Debug|x64.ActiveCfg = Debug|Any CPU
		{6EF33DFB-473A-455C-A22F-FD3FD6A9C72A}.Debug|x64.Build.0 = Debug|Any CPU
		{6EF33DFB-473A-455C-A22F-FD3FD6A9C72A}.Debug|x86.ActiveCfg = Debug|Any CPU
		{6EF33DFB-473A-455C-A22F-FD3FD6A9C72A}.Debug|x86.Build.0 = Debug|Any CPU
		{6EF33DFB-473A-455C-A22F-FD3FD6A9C72A}.Release|Any CPU.ActiveCfg = Release|Any CPU
		{6EF33DFB-473A-455C-A22F-FD3FD6A9C72A}.Release|Any CPU.Build.0 = Release|Any CPU
		{6EF33DFB-473A-455C-A22F-FD3FD6A9C72A}.Release|x64.ActiveCfg = Release|Any CPU
		{6EF33DFB-473A-455C-A22F-FD3FD6A9C72A}.Release|x64.Build.0 = Release|Any CPU
		{6EF33DFB-473A-455C-A22F-FD3FD6A9C72A}.Release|x86.ActiveCfg = Release|Any CPU
		{6EF33DFB-473A-455C-A22F-FD3FD6A9C72A}.Release|x86.Build.0 = Release|Any CPU
		{6ACBB350-3990-405F-93BA-5AB1E5E4BC24}.Debug|Any CPU.ActiveCfg = Debug|Any CPU
		{6ACBB350-3990-405F-93BA-5AB1E5E4BC24}.Debug|Any CPU.Build.0 = Debug|Any CPU
		{6ACBB350-3990-405F-93BA-5AB1E5E4BC24}.Debug|x64.ActiveCfg = Debug|Any CPU
		{6ACBB350-3990-405F-93BA-5AB1E5E4BC24}.Debug|x64.Build.0 = Debug|Any CPU
		{6ACBB350-3990-405F-93BA-5AB1E5E4BC24}.Debug|x86.ActiveCfg = Debug|Any CPU
		{6ACBB350-3990-405F-93BA-5AB1E5E4BC24}.Debug|x86.Build.0 = Debug|Any CPU
		{6ACBB350-3990-405F-93BA-5AB1E5E4BC24}.Release|Any CPU.ActiveCfg = Release|Any CPU
		{6ACBB350-3990-405F-93BA-5AB1E5E4BC24}.Release|Any CPU.Build.0 = Release|Any CPU
		{6ACBB350-3990-405F-93BA-5AB1E5E4BC24}.Release|x64.ActiveCfg = Release|Any CPU
		{6ACBB350-3990-405F-93BA-5AB1E5E4BC24}.Release|x64.Build.0 = Release|Any CPU
		{6ACBB350-3990-405F-93BA-5AB1E5E4BC24}.Release|x86.ActiveCfg = Release|Any CPU
		{6ACBB350-3990-405F-93BA-5AB1E5E4BC24}.Release|x86.Build.0 = Release|Any CPU
		{CBDB8850-336D-404C-8378-94CF33752B7D}.Debug|Any CPU.ActiveCfg = Debug|Any CPU
		{CBDB8850-336D-404C-8378-94CF33752B7D}.Debug|Any CPU.Build.0 = Debug|Any CPU
		{CBDB8850-336D-404C-8378-94CF33752B7D}.Debug|x64.ActiveCfg = Debug|Any CPU
		{CBDB8850-336D-404C-8378-94CF33752B7D}.Debug|x64.Build.0 = Debug|Any CPU
		{CBDB8850-336D-404C-8378-94CF33752B7D}.Debug|x86.ActiveCfg = Debug|Any CPU
		{CBDB8850-336D-404C-8378-94CF33752B7D}.Debug|x86.Build.0 = Debug|Any CPU
		{CBDB8850-336D-404C-8378-94CF33752B7D}.Release|Any CPU.ActiveCfg = Release|Any CPU
		{CBDB8850-336D-404C-8378-94CF33752B7D}.Release|Any CPU.Build.0 = Release|Any CPU
		{CBDB8850-336D-404C-8378-94CF33752B7D}.Release|x64.ActiveCfg = Release|Any CPU
		{CBDB8850-336D-404C-8378-94CF33752B7D}.Release|x64.Build.0 = Release|Any CPU
		{CBDB8850-336D-404C-8378-94CF33752B7D}.Release|x86.ActiveCfg = Release|Any CPU
		{CBDB8850-336D-404C-8378-94CF33752B7D}.Release|x86.Build.0 = Release|Any CPU
	EndGlobalSection
	GlobalSection(SolutionProperties) = preSolution
		HideSolutionNode = FALSE
	EndGlobalSection
	GlobalSection(NestedProjects) = preSolution
		{D32DBAA6-9C0F-4AE2-8A6C-7EE6CF4E01F5} = {600E4FA0-F6FB-428C-B1FE-E8DA91ABCD47}
		{D3D96C12-255A-4AB0-8D63-9A3A5109CD3C} = {600E4FA0-F6FB-428C-B1FE-E8DA91ABCD47}
		{CA46F53D-D4F2-4435-85C4-F443EDA7D641} = {600E4FA0-F6FB-428C-B1FE-E8DA91ABCD47}
		{95B8EB69-516E-46CB-A3B5-C7036F03F6F6} = {600E4FA0-F6FB-428C-B1FE-E8DA91ABCD47}
		{11FD704A-7E8E-44CA-B8A0-4E0196FCC2A2} = {DEDA7383-F5EB-46F2-8E89-37792003A291}
		{6EF33DFB-473A-455C-A22F-FD3FD6A9C72A} = {DEDA7383-F5EB-46F2-8E89-37792003A291}
		{6ACBB350-3990-405F-93BA-5AB1E5E4BC24} = {DEDA7383-F5EB-46F2-8E89-37792003A291}
		{CBDB8850-336D-404C-8378-94CF33752B7D} = {DEDA7383-F5EB-46F2-8E89-37792003A291}
	EndGlobalSection
EndGlobal
